
Microsoft Visual Studio Solution File, Format Version 12.00
# Visual Studio Version 16
VisualStudioVersion = 25.0.1706.14
MinimumVisualStudioVersion = 10.0.40219.1
Project("{FAE04EC0-301F-11D3-BF4B-00C04F79EFBC}") = "TextEditor", "TextEditor\TextEditor.csproj", "{D8B0668E-4D16-4B12-863F-39804B594218}"
EndProject
Global
	GlobalSection(SolutionConfigurationPlatforms) = preSolution
		Debug|Any CPU = Debug|Any CPU
		Release|Any CPU = Release|Any CPU
	EndGlobalSection
	GlobalSection(ProjectConfigurationPlatforms) = postSolution
		{D8B0668E-4D16-4B12-863F-39804B594218}.Debug|Any CPU.ActiveCfg = Debug|Any CPU
		{D8B0668E-4D16-4B12-863F-39804B594218}.Debug|Any CPU.Build.0 = Debug|Any CPU
		{D8B0668E-4D16-4B12-863F-39804B594218}.Release|Any CPU.ActiveCfg = Release|Any CPU
		{D8B0668E-4D16-4B12-863F-39804B594218}.Release|Any CPU.Build.0 = Release|Any CPU
	EndGlobalSection
	GlobalSection(SolutionProperties) = preSolution
		HideSolutionNode = FALSE
	EndGlobalSection
	GlobalSection(ExtensibilityGlobals) = postSolution
		SolutionGuid = {D18EDA0B-4CEA-4955-885A-E8981A5E6C0B}
	EndGlobalSection
EndGlobal
